// !$*UTF8*$!
{
	archiveVersion = 1;
	classes = {
	};
	objectVersion = 55;
	objects = {

/* Begin PBXBuildFile section */
		379B6A13271F936F00BEAC87 /* AppDelegate.swift in Sources */ = {isa = PBXBuildFile; fileRef = 379B6A12271F936F00BEAC87 /* AppDelegate.swift */; };
		379B6A15271F936F00BEAC87 /* SceneDelegate.swift in Sources */ = {isa = PBXBuildFile; fileRef = 379B6A14271F936F00BEAC87 /* SceneDelegate.swift */; };
		379B6A17271F936F00BEAC87 /* ViewController.swift in Sources */ = {isa = PBXBuildFile; fileRef = 379B6A16271F936F00BEAC87 /* ViewController.swift */; };
		379B6A1A271F936F00BEAC87 /* Main.storyboard in Resources */ = {isa = PBXBuildFile; fileRef = 379B6A18271F936F00BEAC87 /* Main.storyboard */; };
		379B6A1C271F937100BEAC87 /* Assets.xcassets in Resources */ = {isa = PBXBuildFile; fileRef = 379B6A1B271F937100BEAC87 /* Assets.xcassets */; };
		379B6A1F271F937100BEAC87 /* LaunchScreen.storyboard in Resources */ = {isa = PBXBuildFile; fileRef = 379B6A1D271F937100BEAC87 /* LaunchScreen.storyboard */; };
		379B6A2A271F937100BEAC87 /* Automatic_reporting_of_car_recordersTests.swift in Sources */ = {isa = PBXBuildFile; fileRef = 379B6A29271F937100BEAC87 /* Automatic_reporting_of_car_recordersTests.swift */; };
		379B6A34271F937100BEAC87 /* Automatic_reporting_of_car_recordersUITests.swift in Sources */ = {isa = PBXBuildFile; fileRef = 379B6A33271F937100BEAC87 /* Automatic_reporting_of_car_recordersUITests.swift */; };
		379B6A36271F937100BEAC87 /* Automatic_reporting_of_car_recordersUITestsLaunchTests.swift in Sources */ = {isa = PBXBuildFile; fileRef = 379B6A35271F937100BEAC87 /* Automatic_reporting_of_car_recordersUITestsLaunchTests.swift */; };
/* End PBXBuildFile section */

/* Begin PBXContainerItemProxy section */
		379B6A26271F937100BEAC87 /* PBXContainerItemProxy */ = {
			isa = PBXContainerItemProxy;
			containerPortal = 379B6A07271F936F00BEAC87 /* Project object */;
			proxyType = 1;
			remoteGlobalIDString = 379B6A0E271F936F00BEAC87;
			remoteInfo = "Automatic-reporting-of-car-recorders";
		};
		379B6A30271F937100BEAC87 /* PBXContainerItemProxy */ = {
			isa = PBXContainerItemProxy;
			containerPortal = 379B6A07271F936F00BEAC87 /* Project object */;
			proxyType = 1;
			remoteGlobalIDString = 379B6A0E271F936F00BEAC87;
			remoteInfo = "Automatic-reporting-of-car-recorders";
		};
/* End PBXContainerItemProxy section */

/* Begin PBXFileReference section */
		379B6A0F271F936F00BEAC87 /* Automatic-reporting-of-car-recorders.app */ = {isa = PBXFileReference; explicitFileType = wrapper.application; includeInIndex = 0; path = "Automatic-reporting-of-car-recorders.app"; sourceTree = BUILT_PRODUCTS_DIR; };
		379B6A12271F936F00BEAC87 /* AppDelegate.swift */ = {isa = PBXFileReference; lastKnownFileType = sourcecode.swift; path = AppDelegate.swift; sourceTree = "<group>"; };
		379B6A14271F936F00BEAC87 /* SceneDelegate.swift */ = {isa = PBXFileReference; lastKnownFileType = sourcecode.swift; path = SceneDelegate.swift; sourceTree = "<group>"; };
		379B6A16271F936F00BEAC87 /* ViewController.swift */ = {isa = PBXFileReference; lastKnownFileType = sourcecode.swift; path = ViewController.swift; sourceTree = "<group>"; };
		379B6A19271F936F00BEAC87 /* Base */ = {isa = PBXFileReference; lastKnownFileType = file.storyboard; name = Base; path = Base.lproj/Main.storyboard; sourceTree = "<group>"; };
		379B6A1B271F937100BEAC87 /* Assets.xcassets */ = {isa = PBXFileReference; lastKnownFileType = folder.assetcatalog; path = Assets.xcassets; sourceTree = "<group>"; };
		379B6A1E271F937100BEAC87 /* Base */ = {isa = PBXFileReference; lastKnownFileType = file.storyboard; name = Base; path = Base.lproj/LaunchScreen.storyboard; sourceTree = "<group>"; };
		379B6A20271F937100BEAC87 /* Info.plist */ = {isa = PBXFileReference; lastKnownFileType = text.plist.xml; path = Info.plist; sourceTree = "<group>"; };
		379B6A25271F937100BEAC87 /* Automatic-reporting-of-car-recordersTests.xctest */ = {isa = PBXFileReference; explicitFileType = wrapper.cfbundle; includeInIndex = 0; path = "Automatic-reporting-of-car-recordersTests.xctest"; sourceTree = BUILT_PRODUCTS_DIR; };
		379B6A29271F937100BEAC87 /* Automatic_reporting_of_car_recordersTests.swift */ = {isa = PBXFileReference; lastKnownFileType = sourcecode.swift; path = Automatic_reporting_of_car_recordersTests.swift; sourceTree = "<group>"; };
		379B6A2F271F937100BEAC87 /* Automatic-reporting-of-car-recordersUITests.xctest */ = {isa = PBXFileReference; explicitFileType = wrapper.cfbundle; includeInIndex = 0; path = "Automatic-reporting-of-car-recordersUITests.xctest"; sourceTree = BUILT_PRODUCTS_DIR; };
		379B6A33271F937100BEAC87 /* Automatic_reporting_of_car_recordersUITests.swift */ = {isa = PBXFileReference; lastKnownFileType = sourcecode.swift; path = Automatic_reporting_of_car_recordersUITests.swift; sourceTree = "<group>"; };
		379B6A35271F937100BEAC87 /* Automatic_reporting_of_car_recordersUITestsLaunchTests.swift */ = {isa = PBXFileReference; lastKnownFileType = sourcecode.swift; path = Automatic_reporting_of_car_recordersUITestsLaunchTests.swift; sourceTree = "<group>"; };
/* End PBXFileReference section */

/* Begin PBXFrameworksBuildPhase section */
		379B6A0C271F936F00BEAC87 /* Frameworks */ = {
			isa = PBXFrameworksBuildPhase;
			buildActionMask = 2147483647;
			files = (
			);
			runOnlyForDeploymentPostprocessing = 0;
		};
		379B6A22271F937100BEAC87 /* Frameworks */ = {
			isa = PBXFrameworksBuildPhase;
			buildActionMask = 2147483647;
			files = (
			);
			runOnlyForDeploymentPostprocessing = 0;
		};
		379B6A2C271F937100BEAC87 /* Frameworks */ = {
			isa = PBXFrameworksBuildPhase;
			buildActionMask = 2147483647;
			files = (
			);
			runOnlyForDeploymentPostprocessing = 0;
		};
/* End PBXFrameworksBuildPhase section */

/* Begin PBXGroup section */
		379B6A06271F936F00BEAC87 = {
			isa = PBXGroup;
			children = (
				379B6A11271F936F00BEAC87 /* Automatic-reporting-of-car-recorders */,
				379B6A28271F937100BEAC87 /* Automatic-reporting-of-car-recordersTests */,
				379B6A32271F937100BEAC87 /* Automatic-reporting-of-car-recordersUITests */,
				379B6A10271F936F00BEAC87 /* Products */,
			);
			sourceTree = "<group>";
		};
		379B6A10271F936F00BEAC87 /* Products */ = {
			isa = PBXGroup;
			children = (
				379B6A0F271F936F00BEAC87 /* Automatic-reporting-of-car-recorders.app */,
				379B6A25271F937100BEAC87 /* Automatic-reporting-of-car-recordersTests.xctest */,
				379B6A2F271F937100BEAC87 /* Automatic-reporting-of-car-recordersUITests.xctest */,
			);
			name = Products;
			sourceTree = "<group>";
		};
		379B6A11271F936F00BEAC87 /* Automatic-reporting-of-car-recorders */ = {
			isa = PBXGroup;
			children = (
				379B6A12271F936F00BEAC87 /* AppDelegate.swift */,
				379B6A14271F936F00BEAC87 /* SceneDelegate.swift */,
				379B6A16271F936F00BEAC87 /* ViewController.swift */,
				379B6A18271F936F00BEAC87 /* Main.storyboard */,
				379B6A1B271F937100BEAC87 /* Assets.xcassets */,
				379B6A1D271F937100BEAC87 /* LaunchScreen.storyboard */,
				379B6A20271F937100BEAC87 /* Info.plist */,
			);
			path = "Automatic-reporting-of-car-recorders";
			sourceTree = "<group>";
		};
		379B6A28271F937100BEAC87 /* Automatic-reporting-of-car-recordersTests */ = {
			isa = PBXGroup;
			children = (
				379B6A29271F937100BEAC87 /* Automatic_reporting_of_car_recordersTests.swift */,
			);
			path = "Automatic-reporting-of-car-recordersTests";
			sourceTree = "<group>";
		};
		379B6A32271F937100BEAC87 /* Automatic-reporting-of-car-recordersUITests */ = {
			isa = PBXGroup;
			children = (
				379B6A33271F937100BEAC87 /* Automatic_reporting_of_car_recordersUITests.swift */,
				379B6A35271F937100BEAC87 /* Automatic_reporting_of_car_recordersUITestsLaunchTests.swift */,
			);
			path = "Automatic-reporting-of-car-recordersUITests";
			sourceTree = "<group>";
		};
/* End PBXGroup section */

/* Begin PBXNativeTarget section */
		379B6A0E271F936F00BEAC87 /* Automatic-reporting-of-car-recorders */ = {
			isa = PBXNativeTarget;
			buildConfigurationList = 379B6A39271F937100BEAC87 /* Build configuration list for PBXNativeTarget "Automatic-reporting-of-car-recorders" */;
			buildPhases = (
				379B6A0B271F936F00BEAC87 /* Sources */,
				379B6A0C271F936F00BEAC87 /* Frameworks */,
				379B6A0D271F936F00BEAC87 /* Resources */,
			);
			buildRules = (
			);
			dependencies = (
			);
			name = "Automatic-reporting-of-car-recorders";
			productName = "Automatic-reporting-of-car-recorders";
			productReference = 379B6A0F271F936F00BEAC87 /* Automatic-reporting-of-car-recorders.app */;
			productType = "com.apple.product-type.application";
		};
		379B6A24271F937100BEAC87 /* Automatic-reporting-of-car-recordersTests */ = {
			isa = PBXNativeTarget;
			buildConfigurationList = 379B6A3C271F937100BEAC87 /* Build configuration list for PBXNativeTarget "Automatic-reporting-of-car-recordersTests" */;
			buildPhases = (
				379B6A21271F937100BEAC87 /* Sources */,
				379B6A22271F937100BEAC87 /* Frameworks */,
				379B6A23271F937100BEAC87 /* Resources */,
			);
			buildRules = (
			);
			dependencies = (
				379B6A27271F937100BEAC87 /* PBXTargetDependency */,
			);
			name = "Automatic-reporting-of-car-recordersTests";
			productName = "Automatic-reporting-of-car-recordersTests";
			productReference = 379B6A25271F937100BEAC87 /* Automatic-reporting-of-car-recordersTests.xctest */;
			productType = "com.apple.product-type.bundle.unit-test";
		};
		379B6A2E271F937100BEAC87 /* Automatic-reporting-of-car-recordersUITests */ = {
			isa = PBXNativeTarget;
			buildConfigurationList = 379B6A3F271F937100BEAC87 /* Build configuration list for PBXNativeTarget "Automatic-reporting-of-car-recordersUITests" */;
			buildPhases = (
				379B6A2B271F937100BEAC87 /* Sources */,
				379B6A2C271F937100BEAC87 /* Frameworks */,
				379B6A2D271F937100BEAC87 /* Resources */,
			);
			buildRules = (
			);
			dependencies = (
				379B6A31271F937100BEAC87 /* PBXTargetDependency */,
			);
			name = "Automatic-reporting-of-car-recordersUITests";
			productName = "Automatic-reporting-of-car-recordersUITests";
			productReference = 379B6A2F271F937100BEAC87 /* Automatic-reporting-of-car-recordersUITests.xctest */;
			productType = "com.apple.product-type.bundle.ui-testing";
		};
/* End PBXNativeTarget section */

/* Begin PBXProject section */
		379B6A07271F936F00BEAC87 /* Project object */ = {
			isa = PBXProject;
			attributes = {
				BuildIndependentTargetsInParallel = 1;
				LastSwiftUpdateCheck = 1300;
				LastUpgradeCheck = 1300;
				TargetAttributes = {
					379B6A0E271F936F00BEAC87 = {
						CreatedOnToolsVersion = 13.0;
					};
					379B6A24271F937100BEAC87 = {
						CreatedOnToolsVersion = 13.0;
						TestTargetID = 379B6A0E271F936F00BEAC87;
					};
					379B6A2E271F937100BEAC87 = {
						CreatedOnToolsVersion = 13.0;
						TestTargetID = 379B6A0E271F936F00BEAC87;
					};
				};
			};
			buildConfigurationList = 379B6A0A271F936F00BEAC87 /* Build configuration list for PBXProject "Automatic-reporting-of-car-recorders" */;
			compatibilityVersion = "Xcode 13.0";
			developmentRegion = en;
			hasScannedForEncodings = 0;
			knownRegions = (
				en,
				Base,
			);
			mainGroup = 379B6A06271F936F00BEAC87;
			productRefGroup = 379B6A10271F936F00BEAC87 /* Products */;
			projectDirPath = "";
			projectRoot = "";
			targets = (
				379B6A0E271F936F00BEAC87 /* Automatic-reporting-of-car-recorders */,
				379B6A24271F937100BEAC87 /* Automatic-reporting-of-car-recordersTests */,
				379B6A2E271F937100BEAC87 /* Automatic-reporting-of-car-recordersUITests */,
			);
		};
/* End PBXProject section */

/* Begin PBXResourcesBuildPhase section */
		379B6A0D271F936F00BEAC87 /* Resources */ = {
			isa = PBXResourcesBuildPhase;
			buildActionMask = 2147483647;
			files = (
				379B6A1F271F937100BEAC87 /* LaunchScreen.storyboard in Resources */,
				379B6A1C271F937100BEAC87 /* Assets.xcassets in Resources */,
				379B6A1A271F936F00BEAC87 /* Main.storyboard in Resources */,
			);
			runOnlyForDeploymentPostprocessing = 0;
		};
		379B6A23271F937100BEAC87 /* Resources */ = {
			isa = PBXResourcesBuildPhase;
			buildActionMask = 2147483647;
			files = (
			);
			runOnlyForDeploymentPostprocessing = 0;
		};
		379B6A2D271F937100BEAC87 /* Resources */ = {
			isa = PBXResourcesBuildPhase;
			buildActionMask = 2147483647;
			files = (
			);
			runOnlyForDeploymentPostprocessing = 0;
		};
/* End PBXResourcesBuildPhase section */

/* Begin PBXSourcesBuildPhase section */
		379B6A0B271F936F00BEAC87 /* Sources */ = {
			isa = PBXSourcesBuildPhase;
			buildActionMask = 2147483647;
			files = (
				379B6A17271F936F00BEAC87 /* ViewController.swift in Sources */,
				379B6A13271F936F00BEAC87 /* AppDelegate.swift in Sources */,
				379B6A15271F936F00BEAC87 /* SceneDelegate.swift in Sources */,
			);
			runOnlyForDeploymentPostprocessing = 0;
		};
		379B6A21271F937100BEAC87 /* Sources */ = {
			isa = PBXSourcesBuildPhase;
			buildActionMask = 2147483647;
			files = (
				379B6A2A271F937100BEAC87 /* Automatic_reporting_of_car_recordersTests.swift in Sources */,
			);
			runOnlyForDeploymentPostprocessing = 0;
		};
		379B6A2B271F937100BEAC87 /* Sources */ = {
			isa = PBXSourcesBuildPhase;
			buildActionMask = 2147483647;
			files = (
				379B6A34271F937100BEAC87 /* Automatic_reporting_of_car_recordersUITests.swift in Sources */,
				379B6A36271F937100BEAC87 /* Automatic_reporting_of_car_recordersUITestsLaunchTests.swift in Sources */,
			);
			runOnlyForDeploymentPostprocessing = 0;
		};
/* End PBXSourcesBuildPhase section */

/* Begin PBXTargetDependency section */
		379B6A27271F937100BEAC87 /* PBXTargetDependency */ = {
			isa = PBXTargetDependency;
			target = 379B6A0E271F936F00BEAC87 /* Automatic-reporting-of-car-recorders */;
			targetProxy = 379B6A26271F937100BEAC87 /* PBXContainerItemProxy */;
		};
		379B6A31271F937100BEAC87 /* PBXTargetDependency */ = {
			isa = PBXTargetDependency;
			target = 379B6A0E271F936F00BEAC87 /* Automatic-reporting-of-car-recorders */;
			targetProxy = 379B6A30271F937100BEAC87 /* PBXContainerItemProxy */;
		};
/* End PBXTargetDependency section */

/* Begin PBXVariantGroup section */
		379B6A18271F936F00BEAC87 /* Main.storyboard */ = {
			isa = PBXVariantGroup;
			children = (
				379B6A19271F936F00BEAC87 /* Base */,
			);
			name = Main.storyboard;
			sourceTree = "<group>";
		};
		379B6A1D271F937100BEAC87 /* LaunchScreen.storyboard */ = {
			isa = PBXVariantGroup;
			children = (
				379B6A1E271F937100BEAC87 /* Base */,
			);
			name = LaunchScreen.storyboard;
			sourceTree = "<group>";
		};
/* End PBXVariantGroup section */

/* Begin XCBuildConfiguration section */
		379B6A37271F937100BEAC87 /* Debug */ = {
			isa = XCBuildConfiguration;
			buildSettings = {
				ALWAYS_SEARCH_USER_PATHS = NO;
				CLANG_ANALYZER_NONNULL = YES;
				CLANG_ANALYZER_NUMBER_OBJECT_CONVERSION = YES_AGGRESSIVE;
				CLANG_CXX_LANGUAGE_STANDARD = "gnu++17";
				CLANG_CXX_LIBRARY = "libc++";
				CLANG_ENABLE_MODULES = YES;
				CLANG_ENABLE_OBJC_ARC = YES;
				CLANG_ENABLE_OBJC_WEAK = YES;
				CLANG_WARN_BLOCK_CAPTURE_AUTORELEASING = YES;
				CLANG_WARN_BOOL_CONVERSION = YES;
				CLANG_WARN_COMMA = YES;
				CLANG_WARN_CONSTANT_CONVERSION = YES;
				CLANG_WARN_DEPRECATED_OBJC_IMPLEMENTATIONS = YES;
				CLANG_WARN_DIRECT_OBJC_ISA_USAGE = YES_ERROR;
				CLANG_WARN_DOCUMENTATION_COMMENTS = YES;
				CLANG_WARN_EMPTY_BODY = YES;
				CLANG_WARN_ENUM_CONVERSION = YES;
				CLANG_WARN_INFINITE_RECURSION = YES;
				CLANG_WARN_INT_CONVERSION = YES;
				CLANG_WARN_NON_LITERAL_NULL_CONVERSION = YES;
				CLANG_WARN_OBJC_IMPLICIT_RETAIN_SELF = YES;
				CLANG_WARN_OBJC_LITERAL_CONVERSION = YES;
				CLANG_WARN_OBJC_ROOT_CLASS = YES_ERROR;
				CLANG_WARN_QUOTED_INCLUDE_IN_FRAMEWORK_HEADER = YES;
				CLANG_WARN_RANGE_LOOP_ANALYSIS = YES;
				CLANG_WARN_STRICT_PROTOTYPES = YES;
				CLANG_WARN_SUSPICIOUS_MOVE = YES;
				CLANG_WARN_UNGUARDED_AVAILABILITY = YES_AGGRESSIVE;
				CLANG_WARN_UNREACHABLE_CODE = YES;
				CLANG_WARN__DUPLICATE_METHOD_MATCH = YES;
				COPY_PHASE_STRIP = NO;
				DEBUG_INFORMATION_FORMAT = dwarf;
				ENABLE_STRICT_OBJC_MSGSEND = YES;
				ENABLE_TESTABILITY = YES;
				GCC_C_LANGUAGE_STANDARD = gnu11;
				GCC_DYNAMIC_NO_PIC = NO;
				GCC_NO_COMMON_BLOCKS = YES;
				GCC_OPTIMIZATION_LEVEL = 0;
				GCC_PREPROCESSOR_DEFINITIONS = (
					"DEBUG=1",
					"$(inherited)",
				);
				GCC_WARN_64_TO_32_BIT_CONVERSION = YES;
				GCC_WARN_ABOUT_RETURN_TYPE = YES_ERROR;
				GCC_WARN_UNDECLARED_SELECTOR = YES;
				GCC_WARN_UNINITIALIZED_AUTOS = YES_AGGRESSIVE;
				GCC_WARN_UNUSED_FUNCTION = YES;
				GCC_WARN_UNUSED_VARIABLE = YES;
				IPHONEOS_DEPLOYMENT_TARGET = 15.0;
				MTL_ENABLE_DEBUG_INFO = INCLUDE_SOURCE;
				MTL_FAST_MATH = YES;
				ONLY_ACTIVE_ARCH = YES;
				SDKROOT = iphoneos;
				SWIFT_ACTIVE_COMPILATION_CONDITIONS = DEBUG;
				SWIFT_OPTIMIZATION_LEVEL = "-Onone";
			};
			name = Debug;
		};
		379B6A38271F937100BEAC87 /* Release */ = {
			isa = XCBuildConfiguration;
			buildSettings = {
				ALWAYS_SEARCH_USER_PATHS = NO;
				CLANG_ANALYZER_NONNULL = YES;
				CLANG_ANALYZER_NUMBER_OBJECT_CONVERSION = YES_AGGRESSIVE;
				CLANG_CXX_LANGUAGE_STANDARD = "gnu++17";
				CLANG_CXX_LIBRARY = "libc++";
				CLANG_ENABLE_MODULES = YES;
				CLANG_ENABLE_OBJC_ARC = YES;
				CLANG_ENABLE_OBJC_WEAK = YES;
				CLANG_WARN_BLOCK_CAPTURE_AUTORELEASING = YES;
				CLANG_WARN_BOOL_CONVERSION = YES;
				CLANG_WARN_COMMA = YES;
				CLANG_WARN_CONSTANT_CONVERSION = YES;
				CLANG_WARN_DEPRECATED_OBJC_IMPLEMENTATIONS = YES;
				CLANG_WARN_DIRECT_OBJC_ISA_USAGE = YES_ERROR;
				CLANG_WARN_DOCUMENTATION_COMMENTS = YES;
				CLANG_WARN_EMPTY_BODY = YES;
				CLANG_WARN_ENUM_CONVERSION = YES;
				CLANG_WARN_INFINITE_RECURSION = YES;
				CLANG_WARN_INT_CONVERSION = YES;
				CLANG_WARN_NON_LITERAL_NULL_CONVERSION = YES;
				CLANG_WARN_OBJC_IMPLICIT_RETAIN_SELF = YES;
				CLANG_WARN_OBJC_LITERAL_CONVERSION = YES;
				CLANG_WARN_OBJC_ROOT_CLASS = YES_ERROR;
				CLANG_WARN_QUOTED_INCLUDE_IN_FRAMEWORK_HEADER = YES;
				CLANG_WARN_RANGE_LOOP_ANALYSIS = YES;
				CLANG_WARN_STRICT_PROTOTYPES = YES;
				CLANG_WARN_SUSPICIOUS_MOVE = YES;
				CLANG_WARN_UNGUARDED_AVAILABILITY = YES_AGGRESSIVE;
				CLANG_WARN_UNREACHABLE_CODE = YES;
				CLANG_WARN__DUPLICATE_METHOD_MATCH = YES;
				COPY_PHASE_STRIP = NO;
				DEBUG_INFORMATION_FORMAT = "dwarf-with-dsym";
				ENABLE_NS_ASSERTIONS = NO;
				ENABLE_STRICT_OBJC_MSGSEND = YES;
				GCC_C_LANGUAGE_STANDARD = gnu11;
				GCC_NO_COMMON_BLOCKS = YES;
				GCC_WARN_64_TO_32_BIT_CONVERSION = YES;
				GCC_WARN_ABOUT_RETURN_TYPE = YES_ERROR;
				GCC_WARN_UNDECLARED_SELECTOR = YES;
				GCC_WARN_UNINITIALIZED_AUTOS = YES_AGGRESSIVE;
				GCC_WARN_UNUSED_FUNCTION = YES;
				GCC_WARN_UNUSED_VARIABLE = YES;
				IPHONEOS_DEPLOYMENT_TARGET = 15.0;
				MTL_ENABLE_DEBUG_INFO = NO;
				MTL_FAST_MATH = YES;
				SDKROOT = iphoneos;
				SWIFT_COMPILATION_MODE = wholemodule;
				SWIFT_OPTIMIZATION_LEVEL = "-O";
				VALIDATE_PRODUCT = YES;
			};
			name = Release;
		};
		379B6A3A271F937100BEAC87 /* Debug */ = {
			isa = XCBuildConfiguration;
			buildSettings = {
				ASSETCATALOG_COMPILER_APPICON_NAME = AppIcon;
				ASSETCATALOG_COMPILER_GLOBAL_ACCENT_COLOR_NAME = AccentColor;
				CODE_SIGN_STYLE = Automatic;
				CURRENT_PROJECT_VERSION = 1;
				DEVELOPMENT_TEAM = 4WN46VZ7RJ;
				GENERATE_INFOPLIST_FILE = YES;
				INFOPLIST_FILE = "Automatic-reporting-of-car-recorders/Info.plist";
				INFOPLIST_KEY_UIApplicationSupportsIndirectInputEvents = YES;
				INFOPLIST_KEY_UILaunchStoryboardName = LaunchScreen;
				INFOPLIST_KEY_UIMainStoryboardFile = Main;
				INFOPLIST_KEY_UISupportedInterfaceOrientations_iPad = "UIInterfaceOrientationPortrait UIInterfaceOrientationPortraitUpsideDown UIInterfaceOrientationLandscapeLeft UIInterfaceOrientationLandscapeRight";
				INFOPLIST_KEY_UISupportedInterfaceOrientations_iPhone = "UIInterfaceOrientationPortrait UIInterfaceOrientationLandscapeLeft UIInterfaceOrientationLandscapeRight";
				LD_RUNPATH_SEARCH_PATHS = (
					"$(inherited)",
					"@executable_path/Frameworks",
				);
				MARKETING_VERSION = 1.0;
				PRODUCT_BUNDLE_IDENTIFIER = "cn.xnlamp.Automatic-reporting-of-car-recorders";
				PRODUCT_NAME = "$(TARGET_NAME)";
				SWIFT_EMIT_LOC_STRINGS = YES;
				SWIFT_VERSION = 5.0;
				TARGETED_DEVICE_FAMILY = "1,2";
			};
			name = Debug;
		};
		379B6A3B271F937100BEAC87 /* Release */ = {
			isa = XCBuildConfiguration;
			buildSettings = {
				ASSETCATALOG_COMPILER_APPICON_NAME = AppIcon;
				ASSETCATALOG_COMPILER_GLOBAL_ACCENT_COLOR_NAME = AccentColor;
				CODE_SIGN_STYLE = Automatic;
				CURRENT_PROJECT_VERSION = 1;
				DEVELOPMENT_TEAM = 4WN46VZ7RJ;
				GENERATE_INFOPLIST_FILE = YES;
				INFOPLIST_FILE = "Automatic-reporting-of-car-recorders/Info.plist";
				INFOPLIST_KEY_UIApplicationSupportsIndirectInputEvents = YES;
				INFOPLIST_KEY_UILaunchStoryboardName = LaunchScreen;
				INFOPLIST_KEY_UIMainStoryboardFile = Main;
				INFOPLIST_KEY_UISupportedInterfaceOrientations_iPad = "UIInterfaceOrientationPortrait UIInterfaceOrientationPortraitUpsideDown UIInterfaceOrientationLandscapeLeft UIInterfaceOrientationLandscapeRight";
				INFOPLIST_KEY_UISupportedInterfaceOrientations_iPhone = "UIInterfaceOrientationPortrait UIInterfaceOrientationLandscapeLeft UIInterfaceOrientationLandscapeRight";
				LD_RUNPATH_SEARCH_PATHS = (
					"$(inherited)",
					"@executable_path/Frameworks",
				);
				MARKETING_VERSION = 1.0;
				PRODUCT_BUNDLE_IDENTIFIER = "cn.xnlamp.Automatic-reporting-of-car-recorders";
				PRODUCT_NAME = "$(TARGET_NAME)";
				SWIFT_EMIT_LOC_STRINGS = YES;
				SWIFT_VERSION = 5.0;
				TARGETED_DEVICE_FAMILY = "1,2";
			};
			name = Release;
		};
		379B6A3D271F937100BEAC87 /* Debug */ = {
			isa = XCBuildConfiguration;
			buildSettings = {
				ALWAYS_EMBED_SWIFT_STANDARD_LIBRARIES = YES;
				BUNDLE_LOADER = "$(TEST_HOST)";
				CODE_SIGN_STYLE = Automatic;
				CURRENT_PROJECT_VERSION = 1;
				DEVELOPMENT_TEAM = 4WN46VZ7RJ;
				GENERATE_INFOPLIST_FILE = YES;
				IPHONEOS_DEPLOYMENT_TARGET = 15.0;
				LD_RUNPATH_SEARCH_PATHS = (
					"$(inherited)",
					"@executable_path/Frameworks",
					"@loader_path/Frameworks",
				);
				MARKETING_VERSION = 1.0;
				PRODUCT_BUNDLE_IDENTIFIER = "cn.xnlamp.Automatic-reporting-of-car-recordersTests";
				PRODUCT_NAME = "$(TARGET_NAME)";
				SWIFT_EMIT_LOC_STRINGS = NO;
				SWIFT_VERSION = 5.0;
				TARGETED_DEVICE_FAMILY = "1,2";
				TEST_HOST = "$(BUILT_PRODUCTS_DIR)/Automatic-reporting-of-car-recorders.app/Automatic-reporting-of-car-recorders";
			};
			name = Debug;
		};
		379B6A3E271F937100BEAC87 /* Release */ = {
			isa = XCBuildConfiguration;
			buildSettings = {
				ALWAYS_EMBED_SWIFT_STANDARD_LIBRARIES = YES;
				BUNDLE_LOADER = "$(TEST_HOST)";
				CODE_SIGN_STYLE = Automatic;
				CURRENT_PROJECT_VERSION = 1;
				DEVELOPMENT_TEAM = 4WN46VZ7RJ;
				GENERATE_INFOPLIST_FILE = YES;
				IPHONEOS_DEPLOYMENT_TARGET = 15.0;
				LD_RUNPATH_SEARCH_PATHS = (
					"$(inherited)",
					"@executable_path/Frameworks",
					"@loader_path/Frameworks",
				);
				MARKETING_VERSION = 1.0;
				PRODUCT_BUNDLE_IDENTIFIER = "cn.xnlamp.Automatic-reporting-of-car-recordersTests";
				PRODUCT_NAME = "$(TARGET_NAME)";
				SWIFT_EMIT_LOC_STRINGS = NO;
				SWIFT_VERSION = 5.0;
				TARGETED_DEVICE_FAMILY = "1,2";
				TEST_HOST = "$(BUILT_PRODUCTS_DIR)/Automatic-reporting-of-car-recorders.app/Automatic-reporting-of-car-recorders";
			};
			name = Release;
		};
		379B6A40271F937100BEAC87 /* Debug */ = {
			isa = XCBuildConfiguration;
			buildSettings = {
				ALWAYS_EMBED_SWIFT_STANDARD_LIBRARIES = YES;
				CODE_SIGN_STYLE = Automatic;
				CURRENT_PROJECT_VERSION = 1;
				DEVELOPMENT_TEAM = 4WN46VZ7RJ;
				GENERATE_INFOPLIST_FILE = YES;
				LD_RUNPATH_SEARCH_PATHS = (
					"$(inherited)",
					"@executable_path/Frameworks",
					"@loader_path/Frameworks",
				);
				MARKETING_VERSION = 1.0;
				PRODUCT_BUNDLE_IDENTIFIER = "cn.xnlamp.Automatic-reporting-of-car-recordersUITests";
				PRODUCT_NAME = "$(TARGET_NAME)";
				SWIFT_EMIT_LOC_STRINGS = NO;
				SWIFT_VERSION = 5.0;
				TARGETED_DEVICE_FAMILY = "1,2";
				TEST_TARGET_NAME = "Automatic-reporting-of-car-recorders";
			};
			name = Debug;
		};
		379B6A41271F937100BEAC87 /* Release */ = {
			isa = XCBuildConfiguration;
			buildSettings = {
				ALWAYS_EMBED_SWIFT_STANDARD_LIBRARIES = YES;
				CODE_SIGN_STYLE = Automatic;
				CURRENT_PROJECT_VERSION = 1;
				DEVELOPMENT_TEAM = 4WN46VZ7RJ;
				GENERATE_INFOPLIST_FILE = YES;
				LD_RUNPATH_SEARCH_PATHS = (
					"$(inherited)",
					"@executable_path/Frameworks",
					"@loader_path/Frameworks",
				);
				MARKETING_VERSION = 1.0;
				PRODUCT_BUNDLE_IDENTIFIER = "cn.xnlamp.Automatic-reporting-of-car-recordersUITests";
				PRODUCT_NAME = "$(TARGET_NAME)";
				SWIFT_EMIT_LOC_STRINGS = NO;
				SWIFT_VERSION = 5.0;
				TARGETED_DEVICE_FAMILY = "1,2";
				TEST_TARGET_NAME = "Automatic-reporting-of-car-recorders";
			};
			name = Release;
		};
/* End XCBuildConfiguration section */

/* Begin XCConfigurationList section */
		379B6A0A271F936F00BEAC87 /* Build configuration list for PBXProject "Automatic-reporting-of-car-recorders" */ = {
			isa = XCConfigurationList;
			buildConfigurations = (
				379B6A37271F937100BEAC87 /* Debug */,
				379B6A38271F937100BEAC87 /* Release */,
			);
			defaultConfigurationIsVisible = 0;
			defaultConfigurationName = Release;
		};
		379B6A39271F937100BEAC87 /* Build configuration list for PBXNativeTarget "Automatic-reporting-of-car-recorders" */ = {
			isa = XCConfigurationList;
			buildConfigurations = (
				379B6A3A271F937100BEAC87 /* Debug */,
				379B6A3B271F937100BEAC87 /* Release */,
			);
			defaultConfigurationIsVisible = 0;
			defaultConfigurationName = Release;
		};
		379B6A3C271F937100BEAC87 /* Build configuration list for PBXNativeTarget "Automatic-reporting-of-car-recordersTests" */ = {
			isa = XCConfigurationList;
			buildConfigurations = (
				379B6A3D271F937100BEAC87 /* Debug */,
				379B6A3E271F937100BEAC87 /* Release */,
			);
			defaultConfigurationIsVisible = 0;
			defaultConfigurationName = Release;
		};
		379B6A3F271F937100BEAC87 /* Build configuration list for PBXNativeTarget "Automatic-reporting-of-car-recordersUITests" */ = {
			isa = XCConfigurationList;
			buildConfigurations = (
				379B6A40271F937100BEAC87 /* Debug */,
				379B6A41271F937100BEAC87 /* Release */,
			);
			defaultConfigurationIsVisible = 0;
			defaultConfigurationName = Release;
		};
/* End XCConfigurationList section */
	};
	rootObject = 379B6A07271F936F00BEAC87 /* Project object */;
}
